Microsoft Visual Studio Solution File, Format Version 12.00
# Visual Studio Version 17
VisualStudioVersion = 17.5.2.0
MinimumVisualStudioVersion = 10.0.40219.1
Project("{FAE04EC0-301F-11D3-BF4B-00C04F79EFBC}") = "TINWeb", "TINWeb.csproj", "{1D9A5209-489F-0D7C-2B86-FB4071E414C3}"
EndProject
Global
	GlobalSection(SolutionConfigurationPlatforms) = preSolution
		Debug|Any CPU = Debug|Any CPU
		Release|Any CPU = Release|Any CPU
	EndGlobalSection
	GlobalSection(ProjectConfigurationPlatforms) = postSolution
		{1D9A5209-489F-0D7C-2B86-FB4071E414C3}.Debug|Any CPU.ActiveCfg = Debug|Any CPU
		{1D9A5209-489F-0D7C-2B86-FB4071E414C3}.Debug|Any CPU.Build.0 = Debug|Any CPU
		{1D9A5209-489F-0D7C-2B86-FB4071E414C3}.Release|Any CPU.ActiveCfg = Release|Any CPU
		{1D9A5209-489F-0D7C-2B86-FB4071E414C3}.Release|Any CPU.Build.0 = Release|Any CPU
	EndGlobalSection
	GlobalSection(SolutionProperties) = preSolution
		HideSolutionNode = FALSE
	EndGlobalSection
	GlobalSection(ExtensibilityGlobals) = postSolution
		SolutionGuid = {B9B331B4-1816-47EF-AF47-C4E5FD60177C}
	EndGlobalSection
EndGlobal
